
Microsoft Visual Studio Solution File, Format Version 12.00
# Visual Studio 14
VisualStudioVersion = 14.0.24720.0
MinimumVisualStudioVersion = 10.0.40219.1
Project("{FAE04EC0-301F-11D3-BF4B-00C04F79EFBC}") = "Snake", "Snake\Snake.csproj", "{B56F6286-2358-4BF0-912C-640115C09816}"
EndProject
Global
	GlobalSection(SolutionConfigurationPlatforms) = preSolution
		Debug|Any CPU = Debug|Any CPU
		Release|Any CPU = Release|Any CPU
	EndGlobalSection
	GlobalSection(ProjectConfigurationPlatforms) = postSolution
		{B56F6286-2358-4BF0-912C-640115C09816}.Debug|Any CPU.ActiveCfg = Debug|Any CPU
		{B56F6286-2358-4BF0-912C-640115C09816}.Debug|Any CPU.Build.0 = Debug|Any CPU
		{B56F6286-2358-4BF0-912C-640115C09816}.Release|Any CPU.ActiveCfg = Release|Any CPU
		{B56F6286-2358-4BF0-912C-640115C09816}.Release|Any CPU.Build.0 = Release|Any CPU
	EndGlobalSection
	GlobalSection(SolutionProperties) = preSolution
		HideSolutionNode = FALSE
	EndGlobalSection
EndGlobal
